
Microsoft Visual Studio Solution File, Format Version 12.00
# Visual Studio Version 17
VisualStudioVersion = 17.7.34031.279
MinimumVisualStudioVersion = 10.0.40219.1
Project("{FAE04EC0-301F-11D3-BF4B-00C04F79EFBC}") = "Internship CODWER", "Internship CODWER\Internship CODWER.csproj", "{D7A830AB-2C85-4410-817D-82BA4F8DDC3C}"
EndProject
Project("{FAE04EC0-301F-11D3-BF4B-00C04F79EFBC}") = "OOP Basics", "OOP Basics\OOP Basics.csproj", "{36BDF68E-122F-4B5E-9056-A7BA01F039C5}"
EndProject
Project("{FAE04EC0-301F-11D3-BF4B-00C04F79EFBC}") = "EspressorProject", "EspressorProject\EspressorProject.csproj", "{F55903CA-C54D-4EE7-949C-A1F1A9F680F4}"
EndProject
Project("{FAE04EC0-301F-11D3-BF4B-00C04F79EFBC}") = "Delegates & Events", "Delegates & Events\Delegates & Events.csproj", "{52607AA2-C7F5-4B44-93BF-A4A3F0767E33}"
EndProject
Global
	GlobalSection(SolutionConfigurationPlatforms) = preSolution
		Debug|Any CPU = Debug|Any CPU
		Release|Any CPU = Release|Any CPU
	EndGlobalSection
	GlobalSection(ProjectConfigurationPlatforms) = postSolution
		{D7A830AB-2C85-4410-817D-82BA4F8DDC3C}.Debug|Any CPU.ActiveCfg = Debug|Any CPU
		{D7A830AB-2C85-4410-817D-82BA4F8DDC3C}.Debug|Any CPU.Build.0 = Debug|Any CPU
		{D7A830AB-2C85-4410-817D-82BA4F8DDC3C}.Release|Any CPU.ActiveCfg = Release|Any CPU
		{D7A830AB-2C85-4410-817D-82BA4F8DDC3C}.Release|Any CPU.Build.0 = Release|Any CPU
		{36BDF68E-122F-4B5E-9056-A7BA01F039C5}.Debug|Any CPU.ActiveCfg = Debug|Any CPU
		{36BDF68E-122F-4B5E-9056-A7BA01F039C5}.Debug|Any CPU.Build.0 = Debug|Any CPU
		{36BDF68E-122F-4B5E-9056-A7BA01F039C5}.Release|Any CPU.ActiveCfg = Release|Any CPU
		{36BDF68E-122F-4B5E-9056-A7BA01F039C5}.Release|Any CPU.Build.0 = Release|Any CPU
		{F55903CA-C54D-4EE7-949C-A1F1A9F680F4}.Debug|Any CPU.ActiveCfg = Debug|Any CPU
		{F55903CA-C54D-4EE7-949C-A1F1A9F680F4}.Debug|Any CPU.Build.0 = Debug|Any CPU
		{F55903CA-C54D-4EE7-949C-A1F1A9F680F4}.Release|Any CPU.ActiveCfg = Release|Any CPU
		{F55903CA-C54D-4EE7-949C-A1F1A9F680F4}.Release|Any CPU.Build.0 = Release|Any CPU
		{52607AA2-C7F5-4B44-93BF-A4A3F0767E33}.Debug|Any CPU.ActiveCfg = Debug|Any CPU
		{52607AA2-C7F5-4B44-93BF-A4A3F0767E33}.Debug|Any CPU.Build.0 = Debug|Any CPU
		{52607AA2-C7F5-4B44-93BF-A4A3F0767E33}.Release|Any CPU.ActiveCfg = Release|Any CPU
		{52607AA2-C7F5-4B44-93BF-A4A3F0767E33}.Release|Any CPU.Build.0 = Release|Any CPU
	EndGlobalSection
	GlobalSection(SolutionProperties) = preSolution
		HideSolutionNode = FALSE
	EndGlobalSection
	GlobalSection(ExtensibilityGlobals) = postSolution
		SolutionGuid = {BC9165B0-7A6E-4120-B9AB-ACB607FFB652}
	EndGlobalSection
EndGlobal
